version = 1
requires-python = "==3.11.*"

[[package]]
name = "aiohttp"
version = "3.9.4"
source = { registry = "https://pypi.org/simple" }
dependencies = [
    { name = "aiosignal" },
    { name = "attrs" },
    { name = "frozenlist" },
    { name = "multidict" },
    { name = "yarl" },
]
sdist = { url = "https://files.pythonhosted.org/packages/7e/0b/4235b25496c741f4c9f75a94951fbc15c48537349a03448687fb226256ef/aiohttp-3.9.4.tar.gz", hash = "sha256:6ff71ede6d9a5a58cfb7b6fffc83ab5d4a63138276c771ac91ceaaddf5459644", size = 7500720 }
wheels = [
    { url = "https://files.pythonhosted.org/packages/9b/87/b88dab94133418fbab216ae051b96a44f109d0617a246b89607851308be8/aiohttp-3.9.4-cp311-cp311-macosx_10_9_universal2.whl", hash = "sha256:c111b3c69060d2bafc446917534150fd049e7aedd6cbf21ba526a5a97b4402a5", size = 599213 },
    { url = "https://files.pythonhosted.org/packages/40/8a/8728c61d75434f01a218822ddb3a9947b678957f5483c28e4c244bf1ce9a/aiohttp-3.9.4-cp311-cp311-macosx_10_9_x86_64.whl", hash = "sha256:efbdd51872cf170093998c87ccdf3cb5993add3559341a8e5708bcb311934c94", size = 402253 },
    { url = "https://files.pythonhosted.org/packages/6c/71/502e9f5dc84c3794d38a350140cb860940b664d5a7025911303f84de6293/aiohttp-3.9.4-cp311-cp311-macosx_11_0_arm64.whl", hash = "sha256:7bfdb41dc6e85d8535b00d73947548a748e9534e8e4fddd2638109ff3fb081df", size = 390067 },
    { url = "https://files.pythonhosted.org/packages/44/ca/caa608b4d1a81eceb7e9496109398f75351774b597fc5bf646e627425ad7/aiohttp-3.9.4-cp311-cp311-manylinux_2_17_aarch64.manylinux2014_aarch64.whl", hash = "sha256:2bd9d334412961125e9f68d5b73c1d0ab9ea3f74a58a475e6b119f5293eee7ba", size = 1312750 },
    { url = "https://files.pythonhosted.org/packages/a1/94/fa094426f04c6e4e8dbd7d3eb0838e3722cc6aeccb4abf79d1813af36f91/aiohttp-3.9.4-cp311-cp311-manylinux_2_17_ppc64le.manylinux2014_ppc64le.whl", hash = "sha256:35d78076736f4a668d57ade00c65d30a8ce28719d8a42471b2a06ccd1a2e3063", size = 1349446 },
    { url = "https://files.pythonhosted.org/packages/8f/4d/72682825c0e4e46db8e7ee2da05b3b8e2ab3dc2972c614cfc28fae23a224/aiohttp-3.9.4-cp311-cp311-manylinux_2_17_s390x.manylinux2014_s390x.whl", hash = "sha256:824dff4f9f4d0f59d0fa3577932ee9a20e09edec8a2f813e1d6b9f89ced8293f", size = 1386893 },
    { url = "https://files.pythonhosted.org/packages/c0/38/48a5f8a2f83d6065d18bf43e3eade8f35ceab9065083e9138cd4e650b8f5/aiohttp-3.9.4-cp311-cp311-manylinux_2_17_x86_64.manylinux2014_x86_64.whl", hash = "sha256:52b8b4e06fc15519019e128abedaeb56412b106ab88b3c452188ca47a25c4093", size = 1297606 },
    { url = "https://files.pythonhosted.org/packages/b5/e3/da8f67c5df660b0a1c457d2d1f2bb017a7a0904fb4bcc6ee8a4c91109a90/aiohttp-3.9.4-cp311-cp311-manylinux_2_5_i686.manylinux1_i686.manylinux_2_17_i686.manylinux2014_i686.whl", hash = "sha256:eae569fb1e7559d4f3919965617bb39f9e753967fae55ce13454bec2d1c54f09", size = 1257410 },
    { url = "https://files.pythonhosted.org/packages/47/c9/71f20a6fd86cfd7e52742e1c7b7a72e6a9f4267e27f9752dcd91c86f1fbc/aiohttp-3.9.4-cp311-cp311-musllinux_1_1_aarch64.whl", hash = "sha256:69b97aa5792428f321f72aeb2f118e56893371f27e0b7d05750bcad06fc42ca1", size = 1318841 },
    { url = "https://files.pythonhosted.org/packages/08/42/d7b903c2a62bf14d49cb8b8853681453ffc03437dd2f151f4b48942fb573/aiohttp-3.9.4-cp311-cp311-musllinux_1_1_i686.whl", hash = "sha256:4d79aad0ad4b980663316f26d9a492e8fab2af77c69c0f33780a56843ad2f89e", size = 1268472 },
    { url = "https://files.pythonhosted.org/packages/e4/94/69b1c7e757f13c03ea20f8a15354a7c63128620f967fa0996682351c82a9/aiohttp-3.9.4-cp311-cp311-musllinux_1_1_ppc64le.whl", hash = "sha256:d6577140cd7db19e430661e4b2653680194ea8c22c994bc65b7a19d8ec834403", size = 1350502 },
    { url = "https://files.pythonhosted.org/packages/87/6b/bb19fca4982b7a425053f7f2c70a26799226234a32a093a4ee5a790d9b83/aiohttp-3.9.4-cp311-cp311-musllinux_1_1_s390x.whl", hash = "sha256:9860d455847cd98eb67897f5957b7cd69fbcb436dd3f06099230f16a66e66f79", size = 1394424 },
    { url = "https://files.pythonhosted.org/packages/7a/3b/a49ef7646571b925889dcb82044364d2c7924c735c63f54979b3d1eac95b/aiohttp-3.9.4-cp311-cp311-musllinux_1_1_x86_64.whl", hash = "sha256:69ff36d3f8f5652994e08bd22f093e11cfd0444cea310f92e01b45a4e46b624e", size = 1302356 },
    { url = "https://files.pythonhosted.org/packages/7b/91/b4546c932e0a36bd3338dd02d175b1f0d6b1a48360652ef843d2b28559fc/aiohttp-3.9.4-cp311-cp311-win32.whl", hash = "sha256:e27d3b5ed2c2013bce66ad67ee57cbf614288bda8cdf426c8d8fe548316f1b5f", size = 350448 },
    { url = "https://files.pythonhosted.org/packages/27/2a/7ac476333b9cd473931b4437e16bf9d25eca5fcf2d19dad2eb61cb661cb3/aiohttp-3.9.4-cp311-cp311-win_amd64.whl", hash = "sha256:d6a67e26daa686a6fbdb600a9af8619c80a332556245fa8e86c747d226ab1a1e", size = 370631 },
]

[[package]]
name = "aiosignal"
version = "1.3.1"
source = { registry = "https://pypi.org/simple" }
dependencies = [
    { name = "frozenlist" },
]
sdist = { url = "https://files.pythonhosted.org/packages/ae/67/0952ed97a9793b4958e5736f6d2b346b414a2cd63e82d05940032f45b32f/aiosignal-1.3.1.tar.gz", hash = "sha256:54cd96e15e1649b75d6c87526a6ff0b6c1b0dd3459f43d9ca11d48c339b68cfc", size = 19422 }
wheels = [
    { url = "https://files.pythonhosted.org/packages/76/ac/a7305707cb852b7e16ff80eaf5692309bde30e2b1100a1fcacdc8f731d97/aiosignal-1.3.1-py3-none-any.whl", hash = "sha256:f8376fb07dd1e86a584e4fcdec80b36b7f81aac666ebc724e2c090300dd83b17", size = 7617 },
]

[[package]]
name = "async-timeout"
version = "4.0.2"
source = { registry = "https://pypi.org/simple" }
sdist = { url = "https://files.pythonhosted.org/packages/54/6e/9678f7b2993537452710ffb1750c62d2c26df438aa621ad5fa9d1507a43a/async-timeout-4.0.2.tar.gz", hash = "sha256:2163e1640ddb52b7a8c80d0a67a08587e5d245cc9c553a74a847056bc2976b15", size = 8221 }
wheels = [
    { url = "https://files.pythonhosted.org/packages/d6/c1/8991e7c5385b897b8c020cdaad718c5b087a6626d1d11a23e1ea87e325a7/async_timeout-4.0.2-py3-none-any.whl", hash = "sha256:8ca1e4fcf50d07413d66d1a5e416e42cfdf5851c981d679a09851a6853383b3c", size = 5763 },
]

[[package]]
name = "attrs"
version = "23.2.0"
source = { registry = "https://pypi.org/simple" }
sdist = { url = "https://files.pythonhosted.org/packages/e3/fc/f800d51204003fa8ae392c4e8278f256206e7a919b708eef054f5f4b650d/attrs-23.2.0.tar.gz", hash = "sha256:935dc3b529c262f6cf76e50877d35a4bd3c1de194fd41f47a2b7ae8f19971f30", size = 780820 }
wheels = [
    { url = "https://files.pythonhosted.org/packages/e0/44/827b2a91a5816512fcaf3cc4ebc465ccd5d598c45cefa6703fcf4a79018f/attrs-23.2.0-py3-none-any.whl", hash = "sha256:99b87a485a5820b23b879f04c2305b44b951b502fd64be915879d77a7e8fc6f1", size = 60752 },
]

[[package]]
name = "backoff"
version = "2.2.1"
source = { registry = "https://pypi.org/simple" }
sdist = { url = "https://files.pythonhosted.org/packages/47/d7/5bbeb12c44d7c4f2fb5b56abce497eb5ed9f34d85701de869acedd602619/backoff-2.2.1.tar.gz", hash = "sha256:03f829f5bb1923180821643f8753b0502c3b682293992485b0eef2807afa5cba", size = 17001 }
wheels = [
    { url = "https://files.pythonhosted.org/packages/df/73/b6e24bd22e6720ca8ee9a85a0c4a2971af8497d8f3193fa05390cbd46e09/backoff-2.2.1-py3-none-any.whl", hash = "sha256:63579f9a0628e06278f7e47b7d7d5b6ce20dc65c5e96a6f3ca99a6adca0396e8", size = 15148 },
]

[[package]]
name = "certifi"
version = "2024.2.2"
source = { registry = "https://pypi.org/simple" }
sdist = { url = "https://files.pythonhosted.org/packages/71/da/e94e26401b62acd6d91df2b52954aceb7f561743aa5ccc32152886c76c96/certifi-2024.2.2.tar.gz", hash = "sha256:0569859f95fc761b18b45ef421b1290a0f65f147e92a1e5eb3e635f9a5e4e66f", size = 164886 }
wheels = [
    { url = "https://files.pythonhosted.org/packages/ba/06/a07f096c664aeb9f01624f858c3add0a4e913d6c96257acb4fce61e7de14/certifi-2024.2.2-py3-none-any.whl", hash = "sha256:dc383c07b76109f368f6106eee2b593b04a011ea4d55f652c6ca24a754d1cdd1", size = 163774 },
]

[[package]]
name = "charset-normalizer"
version = "3.3.2"
source = { registry = "https://pypi.org/simple" }
sdist = { url = "https://files.pythonhosted.org/packages/63/09/c1bc53dab74b1816a00d8d030de5bf98f724c52c1635e07681d312f20be8/charset-normalizer-3.3.2.tar.gz", hash = "sha256:f30c3cb33b24454a82faecaf01b19c18562b1e89558fb6c56de4d9118a032fd5", size = 104809 }
wheels = [
    { url = "https://files.pythonhosted.org/packages/68/77/02839016f6fbbf808e8b38601df6e0e66c17bbab76dff4613f7511413597/charset_normalizer-3.3.2-cp311-cp311-macosx_10_9_universal2.whl", hash = "sha256:802fe99cca7457642125a8a88a084cef28ff0cf9407060f7b93dca5aa25480db", size = 191647 },
    { url = "https://files.pythonhosted.org/packages/3e/33/21a875a61057165e92227466e54ee076b73af1e21fe1b31f1e292251aa1e/charset_normalizer-3.3.2-cp311-cp311-macosx_10_9_x86_64.whl", hash = "sha256:573f6eac48f4769d667c4442081b1794f52919e7edada77495aaed9236d13a96", size = 121434 },
    { url = "https://files.pythonhosted.org/packages/dd/51/68b61b90b24ca35495956b718f35a9756ef7d3dd4b3c1508056fa98d1a1b/charset_normalizer-3.3.2-cp311-cp311-macosx_11_0_arm64.whl", hash = "sha256:549a3a73da901d5bc3ce8d24e0600d1fa85524c10287f6004fbab87672bf3e1e", size = 118979 },
    { url = "https://files.pythonhosted.org/packages/e4/a6/7ee57823d46331ddc37dd00749c95b0edec2c79b15fc0d6e6efb532e89ac/charset_normalizer-3.3.2-cp311-cp311-manylinux_2_17_aarch64.manylinux2014_aarch64.whl", hash = "sha256:f27273b60488abe721a075bcca6d7f3964f9f6f067c8c4c605743023d7d3944f", size = 136582 },
    { url = "https://files.pythonhosted.org/packages/74/f1/0d9fe69ac441467b737ba7f48c68241487df2f4522dd7246d9426e7c690e/charset_normalizer-3.3.2-cp311-cp311-manylinux_2_17_ppc64le.manylinux2014_ppc64le.whl", hash = "sha256:1ceae2f17a9c33cb48e3263960dc5fc8005351ee19db217e9b1bb15d28c02574", size = 146645 },
    { url = "https://files.pythonhosted.org/packages/05/31/e1f51c76db7be1d4aef220d29fbfa5dbb4a99165d9833dcbf166753b6dc0/charset_normalizer-3.3.2-cp311-cp311-manylinux_2_17_s390x.manylinux2014_s390x.whl", hash = "sha256:65f6f63034100ead094b8744b3b97965785388f308a64cf8d7c34f2f2e5be0c4", size = 139398 },
    { url = "https://files.pythonhosted.org/packages/40/26/f35951c45070edc957ba40a5b1db3cf60a9dbb1b350c2d5bef03e01e61de/charset_normalizer-3.3.2-cp311-cp311-manylinux_2_17_x86_64.manylinux2014_x86_64.whl", hash = "sha256:753f10e867343b4511128c6ed8c82f7bec3bd026875576dfd88483c5c73b2fd8", size = 140273 },
    { url = "https://files.pythonhosted.org/packages/07/07/7e554f2bbce3295e191f7e653ff15d55309a9ca40d0362fcdab36f01063c/charset_normalizer-3.3.2-cp311-cp311-manylinux_2_5_i686.manylinux1_i686.manylinux_2_17_i686.manylinux2014_i686.whl", hash = "sha256:4a78b2b446bd7c934f5dcedc588903fb2f5eec172f3d29e52a9096a43722adfc", size = 142577 },
    { url = "https://files.pythonhosted.org/packages/d8/b5/eb705c313100defa57da79277d9207dc8d8e45931035862fa64b625bfead/charset_normalizer-3.3.2-cp311-cp311-musllinux_1_1_aarch64.whl", hash = "sha256:e537484df0d8f426ce2afb2d0f8e1c3d0b114b83f8850e5f2fbea0e797bd82ae", size = 137747 },
    { url = "https://files.pythonhosted.org/packages/19/28/573147271fd041d351b438a5665be8223f1dd92f273713cb882ddafe214c/charset_normalizer-3.3.2-cp311-cp311-musllinux_1_1_i686.whl", hash = "sha256:eb6904c354526e758fda7167b33005998fb68c46fbc10e013ca97f21ca5c8887", size = 143375 },
    { url = "https://files.pythonhosted.org/packages/cf/7c/f3b682fa053cc21373c9a839e6beba7705857075686a05c72e0f8c4980ca/charset_normalizer-3.3.2-cp311-cp311-musllinux_1_1_ppc64le.whl", hash = "sha256:deb6be0ac38ece9ba87dea880e438f25ca3eddfac8b002a2ec3d9183a454e8ae", size = 148474 },
    { url = "https://files.pythonhosted.org/packages/1e/49/7ab74d4ac537ece3bc3334ee08645e231f39f7d6df6347b29a74b0537103/charset_normalizer-3.3.2-cp311-cp311-musllinux_1_1_s390x.whl", hash = "sha256:4ab2fe47fae9e0f9dee8c04187ce5d09f48eabe611be8259444906793ab7cbce", size = 140232 },
    { url = "https://files.pythonhosted.org/packages/2d/dc/9dacba68c9ac0ae781d40e1a0c0058e26302ea0660e574ddf6797a0347f7/charset_normalizer-3.3.2-cp311-cp311-musllinux_1_1_x86_64.whl", hash = "sha256:80402cd6ee291dcb72644d6eac93785fe2c8b9cb30893c1af5b8fdd753b9d40f", size = 140859 },
    { url = "https://files.pythonhosted.org/packages/6c/c2/4a583f800c0708dd22096298e49f887b49d9746d0e78bfc1d7e29816614c/charset_normalizer-3.3.2-cp311-cp311-win32.whl", hash = "sha256:7cd13a2e3ddeed6913a65e66e94b51d80a041145a026c27e6bb76c31a853c6ab", size = 92509 },
    { url = "https://files.pythonhosted.org/packages/57/ec/80c8d48ac8b1741d5b963797b7c0c869335619e13d4744ca2f67fc11c6fc/charset_normalizer-3.3.2-cp311-cp311-win_amd64.whl", hash = "sha256:663946639d296df6a2bb2aa51b60a2454ca1cb29835324c640dafb5ff2131a77", size = 99870 },
    { url = "https://files.pythonhosted.org/packages/28/76/e6222113b83e3622caa4bb41032d0b1bf785250607392e1b778aca0b8a7d/charset_normalizer-3.3.2-py3-none-any.whl", hash = "sha256:3e4d1f6587322d2788836a99c69062fbb091331ec940e02d12d179c1d53e25fc", size = 48543 },
]

[[package]]
name = "click"
version = "8.1.3"
source = { registry = "https://pypi.org/simple" }
dependencies = [
    { name = "colorama", marker = "sys_platform == 'win32'" },
]
sdist = { url = "https://files.pythonhosted.org/packages/59/87/84326af34517fca8c58418d148f2403df25303e02736832403587318e9e8/click-8.1.3.tar.gz", hash = "sha256:7682dc8afb30297001674575ea00d1814d808d6a36af415a82bd481d37ba7b8e", size = 331147 }
wheels = [
    { url = "https://files.pythonhosted.org/packages/c2/f1/df59e28c642d583f7dacffb1e0965d0e00b218e0186d7858ac5233dce840/click-8.1.3-py3-none-any.whl", hash = "sha256:bb4d8133cb15a609f44e8213d9b391b0809795062913b383c62be0ee95b1db48", size = 96588 },
]

[[package]]
name = "colorama"
version = "0.4.6"
source = { registry = "https://pypi.org/simple" }
sdist = { url = "https://files.pythonhosted.org/packages/d8/53/6f443c9a4a8358a93a6792e2acffb9d9d5cb0a5cfd8802644b7b1c9a02e4/colorama-0.4.6.tar.gz", hash = "sha256:08695f5cb7ed6e0531a20572697297273c47b8cae5a63ffc6d6ed5c201be6e44", size = 27697 }
wheels = [
    { url = "https://files.pythonhosted.org/packages/d1/d6/3965ed04c63042e047cb6a3e6ed1a63a35087b6a609aa3a15ed8ac56c221/colorama-0.4.6-py2.py3-none-any.whl", hash = "sha256:4f1d9991f5acc0ca119f9d443620b77f9d6b33703e51011c16baf57afb285fc6", size = 25335 },
]

[[package]]
name = "colorlog"
version = "6.7.0"
source = { registry = "https://pypi.org/simple" }
dependencies = [
    { name = "colorama", marker = "sys_platform == 'win32'" },
]
sdist = { url = "https://files.pythonhosted.org/packages/78/6b/4e5481ddcdb9c255b2715f54c863629f1543e97bc8c309d1c5c131ad14f2/colorlog-6.7.0.tar.gz", hash = "sha256:bd94bd21c1e13fac7bd3153f4bc3a7dc0eb0974b8bc2fdf1a989e474f6e582e5", size = 29920 }
wheels = [
    { url = "https://files.pythonhosted.org/packages/58/43/a363c213224448f9e194d626221123ce00e3fb3d87c0c22aed52b620bdd1/colorlog-6.7.0-py2.py3-none-any.whl", hash = "sha256:0d33ca236784a1ba3ff9c532d4964126d8a2c44f1f0cb1d2b0728196f512f662", size = 11286 },
]

[[package]]
name = "docker"
version = "7.1.0"
source = { registry = "https://pypi.org/simple" }
dependencies = [
    { name = "pywin32", marker = "sys_platform == 'win32'" },
    { name = "requests" },
    { name = "urllib3" },
]
sdist = { url = "https://files.pythonhosted.org/packages/91/9b/4a2ea29aeba62471211598dac5d96825bb49348fa07e906ea930394a83ce/docker-7.1.0.tar.gz", hash = "sha256:ad8c70e6e3f8926cb8a92619b832b4ea5299e2831c14284663184e200546fa6c", size = 117834 }
wheels = [
    { url = "https://files.pythonhosted.org/packages/e3/26/57c6fb270950d476074c087527a558ccb6f4436657314bfb6cdf484114c4/docker-7.1.0-py3-none-any.whl", hash = "sha256:c96b93b7f0a746f9e77d325bcfb87422a3d8bd4f03136ae8a85b37f1898d5fc0", size = 147774 },
]

[[package]]
name = "frozenlist"
version = "1.3.3"
source = { registry = "https://pypi.org/simple" }
sdist = { url = "https://files.pythonhosted.org/packages/e9/10/d629476346112b85c912527b9080944fd2c39a816c2225413dbc0bb6fcc0/frozenlist-1.3.3.tar.gz", hash = "sha256:58bcc55721e8a90b88332d6cd441261ebb22342e238296bb330968952fbb3a6a", size = 66571 }
wheels = [
    { url = "https://files.pythonhosted.org/packages/2d/39/82eb234c1a80c4d2d7b071173d7b01f79e93f285d072f4370b019849c9b4/frozenlist-1.3.3-cp311-cp311-macosx_10_9_universal2.whl", hash = "sha256:b4395e2f8d83fbe0c627b2b696acce67868793d7d9750e90e39592b3626691b7", size = 60735 },
    { url = "https://files.pythonhosted.org/packages/58/d2/2a991a3f49054f51e7cf30c4f5ce6f9fcd6df0fcf781db46d5af8d0c24ad/frozenlist-1.3.3-cp311-cp311-macosx_10_9_x86_64.whl", hash = "sha256:14143ae966a6229350021384870458e4777d1eae4c28d1a7aa47f24d030e6678", size = 35840 },
    { url = "https://files.pythonhosted.org/packages/09/cf/3a150d94c772a44cfc83fb1fcd5c59164047c00d20490ebcc33105bda39a/frozenlist-1.3.3-cp311-cp311-macosx_11_0_arm64.whl", hash = "sha256:5d8860749e813a6f65bad8285a0520607c9500caa23fea6ee407e63debcdbef6", size = 34289 },
    { url = "https://files.pythonhosted.org/packages/01/a3/a3c18bfd7bd2a56831b985140f98eb6dda684a2d8b2a54b1077b45c7f9d9/frozenlist-1.3.3-cp311-cp311-manylinux_2_17_aarch64.manylinux2014_aarch64.whl", hash = "sha256:23d16d9f477bb55b6154654e0e74557040575d9d19fe78a161bd33d7d76808e8", size = 153264 },
    { url = "https://files.pythonhosted.org/packages/a9/3a/f5905a1a9eaff25745f3eeb25ecb6ba4d3be101ad6fa3e6d3d084f18dc2d/frozenlist-1.3.3-cp311-cp311-manylinux_2_17_ppc64le.manylinux2014_ppc64le.whl", hash = "sha256:eb82dbba47a8318e75f679690190c10a5e1f447fbf9df41cbc4c3afd726d88cb", size = 159371 },
    { url = "https://files.pythonhosted.org/packages/fa/a1/d0822eb2f827f209c8fcf19ff1c9eb30ae08e25b710cf432b1013ea23429/frozenlist-1.3.3-cp311-cp311-manylinux_2_17_s390x.manylinux2014_s390x.whl", hash = "sha256:9309869032abb23d196cb4e4db574232abe8b8be1339026f489eeb34a4acfd91", size = 157191 },
    { url = "https://files.pythonhosted.org/packages/13/40/0d0ff24ac7289fc7af004df73e6a06e0e90fca88ca6e515bf61b06905df7/frozenlist-1.3.3-cp311-cp311-manylinux_2_5_i686.manylinux1_i686.manylinux_2_17_i686.manylinux2014_i686.whl", hash = "sha256:a97b4fe50b5890d36300820abd305694cb865ddb7885049587a5678215782a6b", size = 145856 },
    { url = "https://files.pythonhosted.org/packages/f1/bc/fbd3300dc8219a7de5d2b6b4e0fff4b884da66046c15bb223696c0c05aa0/frozenlist-1.3.3-cp311-cp311-manylinux_2_5_x86_64.manylinux1_x86_64.manylinux_2_17_x86_64.manylinux2014_x86_64.whl", hash = "sha256:c188512b43542b1e91cadc3c6c915a82a5eb95929134faf7fd109f14f9892ce4", size = 154331 },
    { url = "https://files.pythonhosted.org/packages/51/1b/1d6dc83f1b30e6bbbf062d5df60037b954c7cd9f3cdb21d1e603bfcca819/frozenlist-1.3.3-cp311-cp311-musllinux_1_1_aarch64.whl", hash = "sha256:303e04d422e9b911a09ad499b0368dc551e8c3cd15293c99160c7f1f07b59a48", size = 154699 },
    { url = "https://files.pythonhosted.org/packages/7f/0b/0309aaa07910bdde804decf6827883feadcec55146e3c0e708758c74b406/frozenlist-1.3.3-cp311-cp311-musllinux_1_1_i686.whl", hash = "sha256:0771aed7f596c7d73444c847a1c16288937ef988dc04fb9f7be4b2aa91db609d", size = 147699 },
    { url = "https://files.pythonhosted.org/packages/60/45/14e6898edb6872c64014b432cf2f5408ffd317e72ee2b29426303bbc66e2/frozenlist-1.3.3-cp311-cp311-musllinux_1_1_ppc64le.whl", hash = "sha256:66080ec69883597e4d026f2f71a231a1ee9887835902dbe6b6467d5a89216cf6", size = 160515 },
    { url = "https://files.pythonhosted.org/packages/c9/cb/d62c14c4354fdd593182efe25af33af086a54126a518dba0f9496fdbed89/frozenlist-1.3.3-cp311-cp311-musllinux_1_1_s390x.whl", hash = "sha256:41fe21dc74ad3a779c3d73a2786bdf622ea81234bdd4faf90b8b03cad0c2c0b4", size = 158812 },
    { url = "https://files.pythonhosted.org/packages/55/71/5fb91c250a1fa82a38f8b1ce2b3016f44b1c210c4d0c4b2e39c7e53e42b7/frozenlist-1.3.3-cp311-cp311-musllinux_1_1_x86_64.whl", hash = "sha256:f20380df709d91525e4bee04746ba612a4df0972c1b8f8e1e8af997e678c7b81", size = 155396 },
    { url = "https://files.pythonhosted.org/packages/da/38/06f3d82def80a49390b148414f19c23ae9c2920033ac0bad8f7c5cab494a/frozenlist-1.3.3-cp311-cp311-win32.whl", hash = "sha256:f30f1928162e189091cf4d9da2eac617bfe78ef907a761614ff577ef4edfb3c8", size = 30359 },
    { url = "https://files.pythonhosted.org/packages/30/d5/6fdf60f2a3af80dd824357d70d06f13e8c1c756eec2778b66dca4e28a3da/frozenlist-1.3.3-cp311-cp311-win_amd64.whl", hash = "sha256:a6394d7dadd3cfe3f4b3b186e54d5d8504d44f2d58dcc89d693698e8b7132b32", size = 32639 },
]

[[package]]
name = "game-server-deploynment-discord-bot"
version = "0.1.0"
source = { virtual = "." }
dependencies = [
    { name = "backoff" },
    { name = "docker" },
    { name = "hikari" },
    { name = "hikari-lightbulb" },
    { name = "loguru" },
    { name = "requests" },
    { name = "rq" },
    { name = "sentry-sdk", extra = ["rq"] },
]

[package.metadata]
requires-dist = [
    { name = "backoff", specifier = ">=2.2.1,<3.0.0" },
    { name = "docker", specifier = ">=7.0.0,<8.0.0" },
    { name = "hikari", specifier = ">=2.0.0.dev113,<3.0.0" },
    { name = "hikari-lightbulb", specifier = ">=2.3.0,<3.0.0" },
    { name = "loguru", specifier = ">=0.7.0,<0.8.0" },
    { name = "requests", specifier = ">=2.32.0,<3.0.0" },
    { name = "rq", specifier = ">=1.10.1,<2.0.0" },
    { name = "sentry-sdk", extras = ["rq"], specifier = ">=2.8.0,<3.0.0" },
]

[[package]]
name = "hikari"
version = "2.0.0.dev122"
source = { registry = "https://pypi.org/simple" }
dependencies = [
    { name = "aiohttp" },
    { name = "attrs" },
    { name = "colorlog" },
    { name = "multidict" },
]
sdist = { url = "https://files.pythonhosted.org/packages/59/fa/04d7a9fcf957ba94f81c2d56660efd456e1f5573781f88ba7ba0386004e8/hikari-2.0.0.dev122.tar.gz", hash = "sha256:5bc873776320f465b727a9e56e58eb063ab7e5a7147dc9e2d775946bd6943f1c", size = 440735 }
wheels = [
    { url = "https://files.pythonhosted.org/packages/ea/c3/13706e72717dd3eec051935d7b7da25846c63b89a1e60788279955b0f345/hikari-2.0.0.dev122-py3-none-any.whl", hash = "sha256:84c94c7991249397a311b6aa47e03f810e6ee3dee08cecebf22df7789171cb1b", size = 539143 },
]

[[package]]
name = "hikari-lightbulb"
version = "2.3.5"
source = { registry = "https://pypi.org/simple" }
dependencies = [
    { name = "hikari" },
]
sdist = { url = "https://files.pythonhosted.org/packages/7e/27/5389d41b416340b69b07d4056ab7cd9afbe6e064e80a6c7774546f75dc46/hikari-lightbulb-2.3.5.tar.gz", hash = "sha256:7ae9e75f35f3f91f84455d068e42855e27c8588ace087a4ab3fbae9eb28ad8aa", size = 86756 }
wheels = [
    { url = "https://files.pythonhosted.org/packages/50/81/20adf4c48ade8ed9ded0640e314d278a781441fffbd64bf2df922ddbacf1/hikari_lightbulb-2.3.5-py3-none-any.whl", hash = "sha256:8c2bcb9246b66eae670c914ea1ec7a821da15d4981ec6902e7c7148d05907a78", size = 117925 },
]

[[package]]
name = "idna"
version = "3.7"
source = { registry = "https://pypi.org/simple" }
sdist = { url = "https://files.pythonhosted.org/packages/21/ed/f86a79a07470cb07819390452f178b3bef1d375f2ec021ecfc709fc7cf07/idna-3.7.tar.gz", hash = "sha256:028ff3aadf0609c1fd278d8ea3089299412a7a8b9bd005dd08b9f8285bcb5cfc", size = 189575 }
wheels = [
    { url = "https://files.pythonhosted.org/packages/e5/3e/741d8c82801c347547f8a2a06aa57dbb1992be9e948df2ea0eda2c8b79e8/idna-3.7-py3-none-any.whl", hash = "sha256:82fee1fc78add43492d3a1898bfa6d8a904cc97d8427f683ed8e798d07761aa0", size = 66836 },
]

[[package]]
name = "loguru"
version = "0.7.2"
source = { registry = "https://pypi.org/simple" }
dependencies = [
    { name = "colorama", marker = "sys_platform == 'win32'" },
    { name = "win32-setctime", marker = "sys_platform == 'win32'" },
]
sdist = { url = "https://files.pythonhosted.org/packages/9e/30/d87a423766b24db416a46e9335b9602b054a72b96a88a241f2b09b560fa8/loguru-0.7.2.tar.gz", hash = "sha256:e671a53522515f34fd406340ee968cb9ecafbc4b36c679da03c18fd8d0bd51ac", size = 145103 }
wheels = [
    { url = "https://files.pythonhosted.org/packages/03/0a/4f6fed21aa246c6b49b561ca55facacc2a44b87d65b8b92362a8e99ba202/loguru-0.7.2-py3-none-any.whl", hash = "sha256:003d71e3d3ed35f0f8984898359d65b79e5b21943f78af86aa5491210429b8eb", size = 62549 },
]

[[package]]
name = "multidict"
version = "6.0.3"
source = { registry = "https://pypi.org/simple" }
sdist = { url = "https://files.pythonhosted.org/packages/b5/5b/1dd3b9cf73c474ea1d0f0b1f8b7b712b0f13817493fd93101256ec856b59/multidict-6.0.3.tar.gz", hash = "sha256:2523a29006c034687eccd3ee70093a697129a3ffe8732535d3b2df6a4ecc279d", size = 51223 }
wheels = [
    { url = "https://files.pythonhosted.org/packages/8e/11/0249175f681662488ac5111eacbd296f4abcab9ee744b356e46d2550f010/multidict-6.0.3-cp311-cp311-macosx_10_9_universal2.whl", hash = "sha256:5b51969503709415a35754954c2763f536a70b8bf7360322b2edb0c0a44391f6", size = 48551 },
    { url = "https://files.pythonhosted.org/packages/9f/d6/067112da1237dc014a65ef668aded63f3e0e1013dac3b803305f9c5ed045/multidict-6.0.3-cp311-cp311-macosx_10_9_x86_64.whl", hash = "sha256:24e8d513bfcaadc1f8b0ebece3ff50961951c54b07d5a775008a882966102418", size = 29061 },
    { url = "https://files.pythonhosted.org/packages/cb/de/0c279f288cc5250c1019a2023d896535a1221aa487040d8d0b6f9b5c21eb/multidict-6.0.3-cp311-cp311-macosx_11_0_arm64.whl", hash = "sha256:d325d61cac602976a5d47b19eaa7d04e3daf4efce2164c630219885087234102", size = 29215 },
    { url = "https://files.pythonhosted.org/packages/ff/3b/7ecb2404b37673dee98f0d60b669768adaedde6c1b33d2f0c2e0a358e7fb/multidict-6.0.3-cp311-cp311-manylinux_2_17_aarch64.manylinux2014_aarch64.whl", hash = "sha256:26fbbe17f8a7211b623502d2bf41022a51da3025142401417c765bf9a56fed4c", size = 120098 },
    { url = "https://files.pythonhosted.org/packages/f3/7d/079c14e753f272a61834ab673a2b7b1c9b7b6252839f4fa5849ab09fe5d9/multidict-6.0.3-cp311-cp311-manylinux_2_17_ppc64le.manylinux2014_ppc64le.whl", hash = "sha256:4fb3fe591956d8841882c463f934c9f7485cfd5f763a08c0d467b513dc18ef89", size = 125593 },
    { url = "https://files.pythonhosted.org/packages/c2/6b/7e608cf30f7a6e1ad31bdbe0adb28a7290b31842e86198b7a114d905b007/multidict-6.0.3-cp311-cp311-manylinux_2_17_s390x.manylinux2014_s390x.whl", hash = "sha256:e1925f78a543b94c3d46274c66a366fee8a263747060220ed0188e5f3eeea1c0", size = 120722 },
    { url = "https://files.pythonhosted.org/packages/d9/e4/f289fe5762e53056b41cc7baf28e96e4b729d57881622792a3de1d2a5115/multidict-6.0.3-cp311-cp311-manylinux_2_17_x86_64.manylinux2014_x86_64.whl", hash = "sha256:21e1ce0b187c4e93112304dcde2aa18922fdbe8fb4f13d8aa72a5657bce0563a", size = 117405 },
    { url = "https://files.pythonhosted.org/packages/8f/73/05fba00310137d552610f8628f9e8bda03ee3fd6a9d03275f0bdf56eb402/multidict-6.0.3-cp311-cp311-manylinux_2_5_i686.manylinux1_i686.manylinux_2_17_i686.manylinux2014_i686.whl", hash = "sha256:e07c24018986fb00d6e7eafca8fcd6e05095649e17fcf0e33a592caaa62a78b9", size = 111398 },
    { url = "https://files.pythonhosted.org/packages/64/63/6eaf6d2dca68cca23de5fcabc14775cfd8bb5fb7e7c7f76e8f6097594dce/multidict-6.0.3-cp311-cp311-musllinux_1_1_aarch64.whl", hash = "sha256:114a4ab3e5cfbc56c4b6697686ecb92376c7e8c56893ef20547921552f8bdf57", size = 141047 },
    { url = "https://files.pythonhosted.org/packages/08/73/a58c7e4f414325c5f6809f86806335b9b90433480d4b58ec1736036feba2/multidict-6.0.3-cp311-cp311-musllinux_1_1_i686.whl", hash = "sha256:4ccf55f28066b4f08666764a957c2b7c241c7547b0921d69c7ceab5f74fe1a45", size = 133687 },
    { url = "https://files.pythonhosted.org/packages/3b/c9/9f8f1779155d6c1cd6cd3611ebf7c24bb44bd0295c31ae5bc673323e5954/multidict-6.0.3-cp311-cp311-musllinux_1_1_ppc64le.whl", hash = "sha256:9d359b0a962e052b713647ac1f13eabf2263167b149ed1e27d5c579f5c8c7d2c", size = 145905 },
    { url = "https://files.pythonhosted.org/packages/6e/be/0b78750fa9bb04a3eb7a131a1fce677dd248d094a68fbd3f3e6f075bfe13/multidict-6.0.3-cp311-cp311-musllinux_1_1_s390x.whl", hash = "sha256:df7b4cee3ff31b3335aba602f8d70dbc641e5b7164b1e9565570c9d3c536a438", size = 141709 },
    { url = "https://files.pythonhosted.org/packages/89/43/df71266844b84bba135cb77fe8d955589fd56327066c3e2da2d00f838640/multidict-6.0.3-cp311-cp311-musllinux_1_1_x86_64.whl", hash = "sha256:ee9b1cae9a6c5d023e5a150f6f6b9dbb3c3bbc7887d6ee07d4c0ecb49a473734", size = 137272 },
    { url = "https://files.pythonhosted.org/packages/f9/b5/ef95ad5f6abb7bbc4c87a6eb1d48f3f641684b90dc69f06b685666751b57/multidict-6.0.3-cp311-cp311-win32.whl", hash = "sha256:960ce1b790952916e682093788696ef7e33ac6a97482f9b983abdc293091b531", size = 25681 },
    { url = "https://files.pythonhosted.org/packages/c9/30/75d1b38bc2dd770804ea77a7e6e0085c791da80efbea90e26a8256d130cd/multidict-6.0.3-cp311-cp311-win_amd64.whl", hash = "sha256:2b66d61966b12e6bba500e5cbb2c721a35e119c30ee02495c5629bd0e91eea30", size = 28152 },
]

[[package]]
name = "pywin32"
version = "306"
source = { registry = "https://pypi.org/simple" }
wheels = [
    { url = "https://files.pythonhosted.org/packages/8b/1e/fc18ad83ca553e01b97aa8393ff10e33c1fb57801db05488b83282ee9913/pywin32-306-cp311-cp311-win32.whl", hash = "sha256:e65028133d15b64d2ed8f06dd9fbc268352478d4f9289e69c190ecd6818b6407", size = 8507689 },
    { url = "https://files.pythonhosted.org/packages/7e/9e/ad6b1ae2a5ad1066dc509350e0fbf74d8d50251a51e420a2a8feaa0cecbd/pywin32-306-cp311-cp311-win_amd64.whl", hash = "sha256:a7639f51c184c0272e93f244eb24dafca9b1855707d94c192d4a0b4c01e1100e", size = 9227547 },
    { url = "https://files.pythonhosted.org/packages/91/20/f744bff1da8f43388498503634378dbbefbe493e65675f2cc52f7185c2c2/pywin32-306-cp311-cp311-win_arm64.whl", hash = "sha256:70dba0c913d19f942a2db25217d9a1b726c278f483a919f1abfed79c9cf64d3a", size = 10388324 },
]

[[package]]
name = "redis"
version = "4.5.4"
source = { registry = "https://pypi.org/simple" }
dependencies = [
    { name = "async-timeout" },
]
sdist = { url = "https://files.pythonhosted.org/packages/15/00/141ee6abca8d32448b23539e8f0e74091842c30ef357b636b372e2606aa9/redis-4.5.4.tar.gz", hash = "sha256:73ec35da4da267d6847e47f68730fdd5f62e2ca69e3ef5885c6a78a9374c3893", size = 4552103 }
wheels = [
    { url = "https://files.pythonhosted.org/packages/b5/d4/ef474a49ec5821f3155c5de2d37ddcc4a497e2500cd16d4a9e51ce02030d/redis-4.5.4-py3-none-any.whl", hash = "sha256:2c19e6767c474f2e85167909061d525ed65bea9301c0770bb151e041b7ac89a2", size = 238873 },
]

[[package]]
name = "requests"
version = "2.32.2"
source = { registry = "https://pypi.org/simple" }
dependencies = [
    { name = "certifi" },
    { name = "charset-normalizer" },
    { name = "idna" },
    { name = "urllib3" },
]
sdist = { url = "https://files.pythonhosted.org/packages/86/ec/535bf6f9bd280de6a4637526602a146a68fde757100ecf8c9333173392db/requests-2.32.2.tar.gz", hash = "sha256:dd951ff5ecf3e3b3aa26b40703ba77495dab41da839ae72ef3c8e5d8e2433289", size = 130327 }
wheels = [
    { url = "https://files.pythonhosted.org/packages/c3/20/748e38b466e0819491f0ce6e90ebe4184966ee304fe483e2c414b0f4ef07/requests-2.32.2-py3-none-any.whl", hash = "sha256:fc06670dd0ed212426dfeb94fc1b983d917c4f9847c863f313c9dfaaffb7c23c", size = 63902 },
]

[[package]]
name = "rq"
version = "1.16.2"
source = { registry = "https://pypi.org/simple" }
dependencies = [
    { name = "click" },
    { name = "redis" },
]
sdist = { url = "https://files.pythonhosted.org/packages/c5/1d/a020e8f3559293635dd6283d037bfc15f866136498da3db1e5416c65773d/rq-1.16.2.tar.gz", hash = "sha256:5c5b9ad5fbaf792b8fada25cc7627f4d206a9a4455aced371d4f501cc3f13b34", size = 629881 }
wheels = [
    { url = "https://files.pythonhosted.org/packages/46/35/db396caf7cfe71a9e661cea520b276f1472df25015e7cb9143c65a1dca6d/rq-1.16.2-py3-none-any.whl", hash = "sha256:52e619f6cb469b00e04da74305045d244b75fecb2ecaa4f26422add57d3c5f09", size = 90911 },
]

[[package]]
name = "sentry-sdk"
version = "2.8.0"
source = { registry = "https://pypi.org/simple" }
dependencies = [
    { name = "certifi" },
    { name = "urllib3" },
]
sdist = { url = "https://files.pythonhosted.org/packages/c9/9d/d61d64819ecb0481647229c3ee8ddc00887552acc23745fd65d0d4d066f3/sentry_sdk-2.8.0.tar.gz", hash = "sha256:aa4314f877d9cd9add5a0c9ba18e3f27f99f7de835ce36bd150e48a41c7c646f", size = 273663 }
wheels = [
    { url = "https://files.pythonhosted.org/packages/80/f4/8e1be145ce63c4ef4e126ee362992ae1ada5e716723883912b74829583e7/sentry_sdk-2.8.0-py2.py3-none-any.whl", hash = "sha256:6051562d2cfa8087bb8b4b8b79dc44690f8a054762a29c07e22588b1f619bfb5", size = 300617 },
]

[package.optional-dependencies]
rq = [
    { name = "rq" },
]

[[package]]
name = "urllib3"
version = "2.2.2"
source = { registry = "https://pypi.org/simple" }
sdist = { url = "https://files.pythonhosted.org/packages/43/6d/fa469ae21497ddc8bc93e5877702dca7cb8f911e337aca7452b5724f1bb6/urllib3-2.2.2.tar.gz", hash = "sha256:dd505485549a7a552833da5e6063639d0d177c04f23bc3864e41e5dc5f612168", size = 292266 }
wheels = [
    { url = "https://files.pythonhosted.org/packages/ca/1c/89ffc63a9605b583d5df2be791a27bc1a42b7c32bab68d3c8f2f73a98cd4/urllib3-2.2.2-py3-none-any.whl", hash = "sha256:a448b2f64d686155468037e1ace9f2d2199776e17f0a46610480d311f73e3472", size = 121444 },
]

[[package]]
name = "win32-setctime"
version = "1.1.0"
source = { registry = "https://pypi.org/simple" }
sdist = { url = "https://files.pythonhosted.org/packages/6b/dd/f95a13d2b235a28d613ba23ebad55191514550debb968b46aab99f2e3a30/win32_setctime-1.1.0.tar.gz", hash = "sha256:15cf5750465118d6929ae4de4eb46e8edae9a5634350c01ba582df868e932cb2", size = 3676 }
wheels = [
    { url = "https://files.pythonhosted.org/packages/0a/e6/a7d828fef907843b2a5773ebff47fb79ac0c1c88d60c0ca9530ee941e248/win32_setctime-1.1.0-py3-none-any.whl", hash = "sha256:231db239e959c2fe7eb1d7dc129f11172354f98361c4fa2d6d2d7e278baa8aad", size = 3604 },
]

[[package]]
name = "yarl"
version = "1.8.2"
source = { registry = "https://pypi.org/simple" }
dependencies = [
    { name = "idna" },
    { name = "multidict" },
]
sdist = { url = "https://files.pythonhosted.org/packages/c4/1e/1b204050c601d5cd82b45d5c8f439cb6f744a2ce0c0a6f83be0ddf0dc7b2/yarl-1.8.2.tar.gz", hash = "sha256:49d43402c6e3013ad0978602bf6bf5328535c48d192304b91b97a3c6790b1562", size = 172341 }
wheels = [
    { url = "https://files.pythonhosted.org/packages/02/51/c33498373d2e0ff5d7f3e76038b7057003927d481405780d22f140906b24/yarl-1.8.2-cp311-cp311-macosx_10_9_universal2.whl", hash = "sha256:2a1fca9588f360036242f379bfea2b8b44cae2721859b1c56d033adfd5893634", size = 92837 },
    { url = "https://files.pythonhosted.org/packages/ca/f3/2ef9870409b3ea57a5890e4e49b6bfd6e347a45fe92f6b2e9567abfefb59/yarl-1.8.2-cp311-cp311-macosx_10_9_x86_64.whl", hash = "sha256:f37db05c6051eff17bc832914fe46869f8849de5b92dc4a3466cd63095d23dfd", size = 59707 },
    { url = "https://files.pythonhosted.org/packages/e6/d3/5f5b39db2c8c09f6923418c9329a04fe6f68825f27d2cb9776871d75ddc3/yarl-1.8.2-cp311-cp311-macosx_11_0_arm64.whl", hash = "sha256:77e913b846a6b9c5f767b14dc1e759e5aff05502fe73079f6f4176359d832581", size = 56542 },
    { url = "https://files.pythonhosted.org/packages/20/23/9ed12660f860962f179bca719b1d8a895c572c5dbb75098d35d074d35703/yarl-1.8.2-cp311-cp311-manylinux_2_17_aarch64.manylinux2014_aarch64.whl", hash = "sha256:0978f29222e649c351b173da2b9b4665ad1feb8d1daa9d971eb90df08702668a", size = 273480 },
    { url = "https://files.pythonhosted.org/packages/c0/fd/2f7a640dc157cc2d111114106e3036a69ba3408460d38580f681377c122d/yarl-1.8.2-cp311-cp311-manylinux_2_17_ppc64le.manylinux2014_ppc64le.whl", hash = "sha256:388a45dc77198b2460eac0aca1efd6a7c09e976ee768b0d5109173e521a19daf", size = 282010 },
    { url = "https://files.pythonhosted.org/packages/cb/82/91f74496b653ac9a6220ee499510377c03a4ff768c5bd945f6759b23ebb8/yarl-1.8.2-cp311-cp311-manylinux_2_17_s390x.manylinux2014_s390x.whl", hash = "sha256:2305517e332a862ef75be8fad3606ea10108662bc6fe08509d5ca99503ac2aee", size = 282737 },
    { url = "https://files.pythonhosted.org/packages/7c/9a/6f2039a5578f2af2d36f22173abf22c957970e908617b90e12552f7dfc9a/yarl-1.8.2-cp311-cp311-manylinux_2_17_x86_64.manylinux2014_x86_64.whl", hash = "sha256:42430ff511571940d51e75cf42f1e4dbdded477e71c1b7a17f4da76c1da8ea76", size = 278082 },
    { url = "https://files.pythonhosted.org/packages/ba/85/f9e3350daa31161d1f4dfb10e195951df4ac22d8f201603cf894b37510c8/yarl-1.8.2-cp311-cp311-manylinux_2_5_i686.manylinux1_i686.manylinux_2_17_i686.manylinux2014_i686.whl", hash = "sha256:3150078118f62371375e1e69b13b48288e44f6691c1069340081c3fd12c94d5b", size = 265756 },
    { url = "https://files.pythonhosted.org/packages/9b/d2/7813ebb6fe192e568c78ba56658f7a26caeceff6302a96808512f5ee40fd/yarl-1.8.2-cp311-cp311-musllinux_1_1_aarch64.whl", hash = "sha256:c15163b6125db87c8f53c98baa5e785782078fbd2dbeaa04c6141935eb6dab7a", size = 243855 },
    { url = "https://files.pythonhosted.org/packages/52/e4/7bcabff7bc7b8421bef266bc955367f586d48667eb0a6ae812852feb51e8/yarl-1.8.2-cp311-cp311-musllinux_1_1_i686.whl", hash = "sha256:4d04acba75c72e6eb90745447d69f84e6c9056390f7a9724605ca9c56b4afcc6", size = 239552 },
    { url = "https://files.pythonhosted.org/packages/c6/1c/4a992306ad86a8ae5a1fb4745bd76c590e7bcdb01ce2203dfd38dc830dfe/yarl-1.8.2-cp311-cp311-musllinux_1_1_ppc64le.whl", hash = "sha256:e7fd20d6576c10306dea2d6a5765f46f0ac5d6f53436217913e952d19237efc4", size = 251984 },
    { url = "https://files.pythonhosted.org/packages/5f/3c/59d045a4094f11dea659b69bfca8338803f6cb161da5b039d35cb415a84d/yarl-1.8.2-cp311-cp311-musllinux_1_1_s390x.whl", hash = "sha256:75c16b2a900b3536dfc7014905a128a2bea8fb01f9ee26d2d7d8db0a08e7cb2c", size = 256073 },
    { url = "https://files.pythonhosted.org/packages/7f/13/a4b6ffff8f3278c020d6b7c42fee53133f6165d347db94bdd9ae394ba4f8/yarl-1.8.2-cp311-cp311-musllinux_1_1_x86_64.whl", hash = "sha256:6d88056a04860a98341a0cf53e950e3ac9f4e51d1b6f61a53b0609df342cc8b2", size = 246790 },
    { url = "https://files.pythonhosted.org/packages/11/ea/c5487522577f3b029a39da71bbe81d7b13303894bde26c88046b2a180e79/yarl-1.8.2-cp311-cp311-win32.whl", hash = "sha256:fb742dcdd5eec9f26b61224c23baea46c9055cf16f62475e11b9b15dfd5c117b", size = 51771 },
    { url = "https://files.pythonhosted.org/packages/88/59/fd28cddd2fe1806cde775c61b43dfe824b672bef1d214383fd86ead3db93/yarl-1.8.2-cp311-cp311-win_amd64.whl", hash = "sha256:8c46d3d89902c393a1d1e243ac847e0442d0196bbd81aecc94fcebbc2fd5857c", size = 55321 },
]
